
Microsoft Visual Studio Solution File, Format Version 12.00
# Visual Studio Version 16
VisualStudioVersion = 16.0.28922.388
MinimumVisualStudioVersion = 10.0.40219.1
Project("{FAE04EC0-301F-11D3-BF4B-00C04F79EFBC}") = "WSumChecker", "WSumChecker\WSumChecker.csproj", "{D5195DF2-4BB6-4EFE-A2C7-E2CB1636DE63}"
EndProject
Project("{FAE04EC0-301F-11D3-BF4B-00C04F79EFBC}") = "WSumCheckerUT", "WSumCheckerUT\WSumCheckerUT.csproj", "{3C643FB8-513B-416C-906B-087DCC0D975E}"
EndProject
Global
	GlobalSection(SolutionConfigurationPlatforms) = preSolution
		Debug|Any CPU = Debug|Any CPU
		Release|Any CPU = Release|Any CPU
	EndGlobalSection
	GlobalSection(ProjectConfigurationPlatforms) = postSolution
		{D5195DF2-4BB6-4EFE-A2C7-E2CB1636DE63}.Debug|Any CPU.ActiveCfg = Debug|Any CPU
		{D5195DF2-4BB6-4EFE-A2C7-E2CB1636DE63}.Debug|Any CPU.Build.0 = Debug|Any CPU
		{D5195DF2-4BB6-4EFE-A2C7-E2CB1636DE63}.Release|Any CPU.ActiveCfg = Release|Any CPU
		{D5195DF2-4BB6-4EFE-A2C7-E2CB1636DE63}.Release|Any CPU.Build.0 = Release|Any CPU
		{3C643FB8-513B-416C-906B-087DCC0D975E}.Debug|Any CPU.ActiveCfg = Debug|Any CPU
		{3C643FB8-513B-416C-906B-087DCC0D975E}.Debug|Any CPU.Build.0 = Debug|Any CPU
		{3C643FB8-513B-416C-906B-087DCC0D975E}.Release|Any CPU.ActiveCfg = Release|Any CPU
		{3C643FB8-513B-416C-906B-087DCC0D975E}.Release|Any CPU.Build.0 = Release|Any CPU
	EndGlobalSection
	GlobalSection(SolutionProperties) = preSolution
		HideSolutionNode = FALSE
	EndGlobalSection
	GlobalSection(ExtensibilityGlobals) = postSolution
		SolutionGuid = {93C0E326-A4FA-4680-B6D4-24E4AB01E6E8}
	EndGlobalSection
EndGlobal
